// !$*UTF8*$!
{
	archiveVersion = 1;
	classes = {
	};
	objectVersion = 48;
	objects = {

/* Begin PBXBuildFile section */
		441F7A4E208DC81B003DE781 /* AppDelegate.swift in Sources */ = {isa = PBXBuildFile; fileRef = 441F7A4D208DC81B003DE781 /* AppDelegate.swift */; };
		441F7A50208DC81B003DE781 /* ViewController.swift in Sources */ = {isa = PBXBuildFile; fileRef = 441F7A4F208DC81B003DE781 /* ViewController.swift */; };
		441F7A53208DC81B003DE781 /* Main.storyboard in Resources */ = {isa = PBXBuildFile; fileRef = 441F7A51208DC81B003DE781 /* Main.storyboard */; };
		441F7A55208DC81B003DE781 /* Assets.xcassets in Resources */ = {isa = PBXBuildFile; fileRef = 441F7A54208DC81B003DE781 /* Assets.xcassets */; };
		441F7A58208DC81B003DE781 /* LaunchScreen.storyboard in Resources */ = {isa = PBXBuildFile; fileRef = 441F7A56208DC81B003DE781 /* LaunchScreen.storyboard */; };
/* End PBXBuildFile section */

/* Begin PBXFileReference section */
		441F7A4A208DC81B003DE781 /* LazyIntilization.app */ = {isa = PBXFileReference; explicitFileType = wrapper.application; includeInIndex = 0; path = LazyIntilization.app; sourceTree = BUILT_PRODUCTS_DIR; };
		441F7A4D208DC81B003DE781 /* AppDelegate.swift */ = {isa = PBXFileReference; lastKnownFileType = sourcecode.swift; path = AppDelegate.swift; sourceTree = "<group>"; };
		441F7A4F208DC81B003DE781 /* ViewController.swift */ = {isa = PBXFileReference; lastKnownFileType = sourcecode.swift; path = ViewController.swift; sourceTree = "<group>"; };
		441F7A52208DC81B003DE781 /* Base */ = {isa = PBXFileReference; lastKnownFileType = file.storyboard; name = Base; path = Base.lproj/Main.storyboard; sourceTree = "<group>"; };
		441F7A54208DC81B003DE781 /* Assets.xcassets */ = {isa = PBXFileReference; lastKnownFileType = folder.assetcatalog; path = Assets.xcassets; sourceTree = "<group>"; };
		441F7A57208DC81B003DE781 /* Base */ = {isa = PBXFileReference; lastKnownFileType = file.storyboard; name = Base; path = Base.lproj/LaunchScreen.storyboard; sourceTree = "<group>"; };
		441F7A59208DC81B003DE781 /* Info.plist */ = {isa = PBXFileReference; lastKnownFileType = text.plist.xml; path = Info.plist; sourceTree = "<group>"; };
/* End PBXFileReference section */

/* Begin PBXFrameworksBuildPhase section */
		441F7A47208DC81B003DE781 /* Frameworks */ = {
			isa = PBXFrameworksBuildPhase;
			buildActionMask = 2147483647;
			files = (
			);
			runOnlyForDeploymentPostprocessing = 0;
		};
/* End PBXFrameworksBuildPhase section */

/* Begin PBXGroup section */
		441F7A41208DC81B003DE781 = {
			isa = PBXGroup;
			children = (
				441F7A4C208DC81B003DE781 /* LazyIntilization */,
				441F7A4B208DC81B003DE781 /* Products */,
			);
			sourceTree = "<group>";
		};
		441F7A4B208DC81B003DE781 /* Products */ = {
			isa = PBXGroup;
			children = (
				441F7A4A208DC81B003DE781 /* LazyIntilization.app */,
			);
			name = Products;
			sourceTree = "<group>";
		};
		441F7A4C208DC81B003DE781 /* LazyIntilization */ = {
			isa = PBXGroup;
			children = (
				441F7A4D208DC81B003DE781 /* AppDelegate.swift */,
				441F7A4F208DC81B003DE781 /* ViewController.swift */,
				441F7A51208DC81B003DE781 /* Main.storyboard */,
				441F7A54208DC81B003DE781 /* Assets.xcassets */,
				441F7A56208DC81B003DE781 /* LaunchScreen.storyboard */,
				441F7A59208DC81B003DE781 /* Info.plist */,
			);
			path = LazyIntilization;
			sourceTree = "<group>";
		};
/* End PBXGroup section */

/* Begin PBXNativeTarget section */
		441F7A49208DC81B003DE781 /* LazyIntilization */ = {
			isa = PBXNativeTarget;
			buildConfigurationList = 441F7A5C208DC81B003DE781 /* Build configuration list for PBXNativeTarget "LazyIntilization" */;
			buildPhases = (
				441F7A46208DC81B003DE781 /* Sources */,
				441F7A47208DC81B003DE781 /* Frameworks */,
				441F7A48208DC81B003DE781 /* Resources */,
			);
			buildRules = (
			);
			dependencies = (
			);
			name = LazyIntilization;
			productName = LazyIntilization;
			productReference = 441F7A4A208DC81B003DE781 /* LazyIntilization.app */;
			productType = "com.apple.product-type.application";
		};
/* End PBXNativeTarget section */

/* Begin PBXProject section */
		441F7A42208DC81B003DE781 /* Project object */ = {
			isa = PBXProject;
			attributes = {
				LastSwiftUpdateCheck = 0920;
				LastUpgradeCheck = 0920;
				ORGANIZATIONNAME = yuanding;
				TargetAttributes = {
					441F7A49208DC81B003DE781 = {
						CreatedOnToolsVersion = 9.2;
						ProvisioningStyle = Automatic;
					};
				};
			};
			buildConfigurationList = 441F7A45208DC81B003DE781 /* Build configuration list for PBXProject "LazyIntilization" */;
			compatibilityVersion = "Xcode 8.0";
			developmentRegion = en;
			hasScannedForEncodings = 0;
			knownRegions = (
				en,
				Base,
			);
			mainGroup = 441F7A41208DC81B003DE781;
			productRefGroup = 441F7A4B208DC81B003DE781 /* Products */;
			projectDirPath = "";
			projectRoot = "";
			targets = (
				441F7A49208DC81B003DE781 /* LazyIntilization */,
			);
		};
/* End PBXProject section */

/* Begin PBXResourcesBuildPhase section */
		441F7A48208DC81B003DE781 /* Resources */ = {
			isa = PBXResourcesBuildPhase;
			buildActionMask = 2147483647;
			files = (
				441F7A58208DC81B003DE781 /* LaunchScreen.storyboard in Resources */,
				441F7A55208DC81B003DE781 /* Assets.xcassets in Resources */,
				441F7A53208DC81B003DE781 /* Main.storyboard in Resources */,
			);
			runOnlyForDeploymentPostprocessing = 0;
		};
/* End PBXResourcesBuildPhase section */

/* Begin PBXSourcesBuildPhase section */
		441F7A46208DC81B003DE781 /* Sources */ = {
			isa = PBXSourcesBuildPhase;
			buildActionMask = 2147483647;
			files = (
				441F7A50208DC81B003DE781 /* ViewController.swift in Sources */,
				441F7A4E208DC81B003DE781 /* AppDelegate.swift in Sources */,
			);
			runOnlyForDeploymentPostprocessing = 0;
		};
/* End PBXSourcesBuildPhase section */

/* Begin PBXVariantGroup section */
		441F7A51208DC81B003DE781 /* Main.storyboard */ = {
			isa = PBXVariantGroup;
			children = (
				441F7A52208DC81B003DE781 /* Base */,
			);
			name = Main.storyboard;
			sourceTree = "<group>";
		};
		441F7A56208DC81B003DE781 /* LaunchScreen.storyboard */ = {
			isa = PBXVariantGroup;
			children = (
				441F7A57208DC81B003DE781 /* Base */,
			);
			name = LaunchScreen.storyboard;
			sourceTree = "<group>";
		};
/* End PBXVariantGroup section */

/* Begin XCBuildConfiguration section */
		441F7A5A208DC81B003DE781 /* Debug */ = {
			isa = XCBuildConfiguration;
			buildSettings = {
				ALWAYS_SEARCH_USER_PATHS = NO;
				CLANG_ANALYZER_NONNULL = YES;
				CLANG_ANALYZER_NUMBER_OBJECT_CONVERSION = YES_AGGRESSIVE;
				CLANG_CXX_LANGUAGE_STANDARD = "gnu++14";
				CLANG_CXX_LIBRARY = "libc++";
				CLANG_ENABLE_MODULES = YES;
				CLANG_ENABLE_OBJC_ARC = YES;
				CLANG_WARN_BLOCK_CAPTURE_AUTORELEASING = YES;
				CLANG_WARN_BOOL_CONVERSION = YES;
				CLANG_WARN_COMMA = YES;
				CLANG_WARN_CONSTANT_CONVERSION = YES;
				CLANG_WARN_DIRECT_OBJC_ISA_USAGE = YES_ERROR;
				CLANG_WARN_DOCUMENTATION_COMMENTS = YES;
				CLANG_WARN_EMPTY_BODY = YES;
				CLANG_WARN_ENUM_CONVERSION = YES;
				CLANG_WARN_INFINITE_RECURSION = YES;
				CLANG_WARN_INT_CONVERSION = YES;
				CLANG_WARN_NON_LITERAL_NULL_CONVERSION = YES;
				CLANG_WARN_OBJC_LITERAL_CONVERSION = YES;
				CLANG_WARN_OBJC_ROOT_CLASS = YES_ERROR;
				CLANG_WARN_RANGE_LOOP_ANALYSIS = YES;
				CLANG_WARN_STRICT_PROTOTYPES = YES;
				CLANG_WARN_SUSPICIOUS_MOVE = YES;
				CLANG_WARN_UNGUARDED_AVAILABILITY = YES_AGGRESSIVE;
				CLANG_WARN_UNREACHABLE_CODE = YES;
				CLANG_WARN__DUPLICATE_METHOD_MATCH = YES;
				CODE_SIGN_IDENTITY = "iPhone Developer";
				COPY_PHASE_STRIP = NO;
				DEBUG_INFORMATION_FORMAT = dwarf;
				ENABLE_STRICT_OBJC_MSGSEND = YES;
				ENABLE_TESTABILITY = YES;
				GCC_C_LANGUAGE_STANDARD = gnu11;
				GCC_DYNAMIC_NO_PIC = NO;
				GCC_NO_COMMON_BLOCKS = YES;
				GCC_OPTIMIZATION_LEVEL = 0;
				GCC_PREPROCESSOR_DEFINITIONS = (
					"DEBUG=1",
					"$(inherited)",
				);
				GCC_WARN_64_TO_32_BIT_CONVERSION = YES;
				GCC_WARN_ABOUT_RETURN_TYPE = YES_ERROR;
				GCC_WARN_UNDECLARED_SELECTOR = YES;
				GCC_WARN_UNINITIALIZED_AUTOS = YES_AGGRESSIVE;
				GCC_WARN_UNUSED_FUNCTION = YES;
				GCC_WARN_UNUSED_VARIABLE = YES;
				IPHONEOS_DEPLOYMENT_TARGET = 11.2;
				MTL_ENABLE_DEBUG_INFO = YES;
				ONLY_ACTIVE_ARCH = YES;
				SDKROOT = iphoneos;
				SWIFT_ACTIVE_COMPILATION_CONDITIONS = DEBUG;
				SWIFT_OPTIMIZATION_LEVEL = "-Onone";
			};
			name = Debug;
		};
		441F7A5B208DC81B003DE781 /* Release */ = {
			isa = XCBuildConfiguration;
			buildSettings = {
				ALWAYS_SEARCH_USER_PATHS = NO;
				CLANG_ANALYZER_NONNULL = YES;
				CLANG_ANALYZER_NUMBER_OBJECT_CONVERSION = YES_AGGRESSIVE;
				CLANG_CXX_LANGUAGE_STANDARD = "gnu++14";
				CLANG_CXX_LIBRARY = "libc++";
				CLANG_ENABLE_MODULES = YES;
				CLANG_ENABLE_OBJC_ARC = YES;
				CLANG_WARN_BLOCK_CAPTURE_AUTORELEASING = YES;
				CLANG_WARN_BOOL_CONVERSION = YES;
				CLANG_WARN_COMMA = YES;
				CLANG_WARN_CONSTANT_CONVERSION = YES;
				CLANG_WARN_DIRECT_OBJC_ISA_USAGE = YES_ERROR;
				CLANG_WARN_DOCUMENTATION_COMMENTS = YES;
				CLANG_WARN_EMPTY_BODY = YES;
				CLANG_WARN_ENUM_CONVERSION = YES;
				CLANG_WARN_INFINITE_RECURSION = YES;
				CLANG_WARN_INT_CONVERSION = YES;
				CLANG_WARN_NON_LITERAL_NULL_CONVERSION = YES;
				CLANG_WARN_OBJC_LITERAL_CONVERSION = YES;
				CLANG_WARN_OBJC_ROOT_CLASS = YES_ERROR;
				CLANG_WARN_RANGE_LOOP_ANALYSIS = YES;
				CLANG_WARN_STRICT_PROTOTYPES = YES;
				CLANG_WARN_SUSPICIOUS_MOVE = YES;
				CLANG_WARN_UNGUARDED_AVAILABILITY = YES_AGGRESSIVE;
				CLANG_WARN_UNREACHABLE_CODE = YES;
				CLANG_WARN__DUPLICATE_METHOD_MATCH = YES;
				CODE_SIGN_IDENTITY = "iPhone Developer";
				COPY_PHASE_STRIP = NO;
				DEBUG_INFORMATION_FORMAT = "dwarf-with-dsym";
				ENABLE_NS_ASSERTIONS = NO;
				ENABLE_STRICT_OBJC_MSGSEND = YES;
				GCC_C_LANGUAGE_STANDARD = gnu11;
				GCC_NO_COMMON_BLOCKS = YES;
				GCC_WARN_64_TO_32_BIT_CONVERSION = YES;
				GCC_WARN_ABOUT_RETURN_TYPE = YES_ERROR;
				GCC_WARN_UNDECLARED_SELECTOR = YES;
				GCC_WARN_UNINITIALIZED_AUTOS = YES_AGGRESSIVE;
				GCC_WARN_UNUSED_FUNCTION = YES;
				GCC_WARN_UNUSED_VARIABLE = YES;
				IPHONEOS_DEPLOYMENT_TARGET = 11.2;
				MTL_ENABLE_DEBUG_INFO = NO;
				SDKROOT = iphoneos;
				SWIFT_OPTIMIZATION_LEVEL = "-Owholemodule";
				VALIDATE_PRODUCT = YES;
			};
			name = Release;
		};
		441F7A5D208DC81B003DE781 /* Debug */ = {
			isa = XCBuildConfiguration;
			buildSettings = {
				ASSETCATALOG_COMPILER_APPICON_NAME = AppIcon;
				CODE_SIGN_STYLE = Automatic;
				DEVELOPMENT_TEAM = 267XL56JEG;
				INFOPLIST_FILE = LazyIntilization/Info.plist;
				LD_RUNPATH_SEARCH_PATHS = "$(inherited) @executable_path/Frameworks";
				PRODUCT_BUNDLE_IDENTIFIER = com.yuanding.LazyIntilization;
				PRODUCT_NAME = "$(TARGET_NAME)";
				SWIFT_VERSION = 4.0;
				TARGETED_DEVICE_FAMILY = "1,2";
			};
			name = Debug;
		};
		441F7A5E208DC81B003DE781 /* Release */ = {
			isa = XCBuildConfiguration;
			buildSettings = {
				ASSETCATALOG_COMPILER_APPICON_NAME = AppIcon;
				CODE_SIGN_STYLE = Automatic;
				DEVELOPMENT_TEAM = 267XL56JEG;
				INFOPLIST_FILE = LazyIntilization/Info.plist;
				LD_RUNPATH_SEARCH_PATHS = "$(inherited) @executable_path/Frameworks";
				PRODUCT_BUNDLE_IDENTIFIER = com.yuanding.LazyIntilization;
				PRODUCT_NAME = "$(TARGET_NAME)";
				SWIFT_VERSION = 4.0;
				TARGETED_DEVICE_FAMILY = "1,2";
			};
			name = Release;
		};
/* End XCBuildConfiguration section */

/* Begin XCConfigurationList section */
		441F7A45208DC81B003DE781 /* Build configuration list for PBXProject "LazyIntilization" */ = {
			isa = XCConfigurationList;
			buildConfigurations = (
				441F7A5A208DC81B003DE781 /* Debug */,
				441F7A5B208DC81B003DE781 /* Release */,
			);
			defaultConfigurationIsVisible = 0;
			defaultConfigurationName = Release;
		};
		441F7A5C208DC81B003DE781 /* Build configuration list for PBXNativeTarget "LazyIntilization" */ = {
			isa = XCConfigurationList;
			buildConfigurations = (
				441F7A5D208DC81B003DE781 /* Debug */,
				441F7A5E208DC81B003DE781 /* Release */,
			);
			defaultConfigurationIsVisible = 0;
			defaultConfigurationName = Release;
		};
/* End XCConfigurationList section */
	};
	rootObject = 441F7A42208DC81B003DE781 /* Project object */;
}
